
Microsoft Visual Studio Solution File, Format Version 12.00
# Visual Studio Version 17
VisualStudioVersion = 17.11.35222.181
MinimumVisualStudioVersion = 10.0.40219.1
Project("{FAE04EC0-301F-11D3-BF4B-00C04F79EFBC}") = "triatlon241007", "triatlon241007.csproj", "{8C8188AB-757C-47A6-9295-56A32B56477E}"
EndProject
Global
	GlobalSection(SolutionConfigurationPlatforms) = preSolution
		Debug|Any CPU = Debug|Any CPU
		Release|Any CPU = Release|Any CPU
	EndGlobalSection
	GlobalSection(ProjectConfigurationPlatforms) = postSolution
		{8C8188AB-757C-47A6-9295-56A32B56477E}.Debug|Any CPU.ActiveCfg = Debug|Any CPU
		{8C8188AB-757C-47A6-9295-56A32B56477E}.Debug|Any CPU.Build.0 = Debug|Any CPU
		{8C8188AB-757C-47A6-9295-56A32B56477E}.Release|Any CPU.ActiveCfg = Release|Any CPU
		{8C8188AB-757C-47A6-9295-56A32B56477E}.Release|Any CPU.Build.0 = Release|Any CPU
	EndGlobalSection
	GlobalSection(SolutionProperties) = preSolution
		HideSolutionNode = FALSE
	EndGlobalSection
	GlobalSection(ExtensibilityGlobals) = postSolution
		SolutionGuid = {1D1B58D2-E861-4E3F-A241-31A307317E4B}
	EndGlobalSection
EndGlobal
